# THIS IS AN AUTOGENERATED FILE. DO NOT EDIT THIS FILE DIRECTLY.
# yarn lockfile v1


downloadjs@^1.4.7:
  version "1.4.7"
  resolved "https://registry.yarnpkg.com/downloadjs/-/downloadjs-1.4.7.tgz#f69f96f940e0d0553dac291139865a3cd0101e3c"
  integrity sha1-9p+W+UDg0FU9rCkROYZaPNAQHjw=

html-to-image@^0.1.1:
  version "0.1.1"
  resolved "https://registry.yarnpkg.com/html-to-image/-/html-to-image-0.1.1.tgz#0db51267b4bbd1bc682a07d8dae44bc431ec6acd"
  integrity sha512-UAjpXmokENeOyzfLwL0+zQ502lXyg6pkzVUmRjtljOH9dR/YdEYQhWrQ/O14hmH5/1L7jv1aOupU4Zi3Y8+iow==
